
Microsoft Visual Studio Solution File, Format Version 12.00
# Visual Studio Version 17
VisualStudioVersion = 17.3.32901.215
MinimumVisualStudioVersion = 10.0.40219.1
Project("{FAE04EC0-301F-11D3-BF4B-00C04F79EFBC}") = "l15-MARH-1077822", "l15-MARH-1077822.csproj", "{343B4990-AEF8-4AA8-840B-41537D5212BB}"
EndProject
Global
	GlobalSection(SolutionConfigurationPlatforms) = preSolution
		Debug|Any CPU = Debug|Any CPU
		Release|Any CPU = Release|Any CPU
	EndGlobalSection
	GlobalSection(ProjectConfigurationPlatforms) = postSolution
		{343B4990-AEF8-4AA8-840B-41537D5212BB}.Debug|Any CPU.ActiveCfg = Debug|Any CPU
		{343B4990-AEF8-4AA8-840B-41537D5212BB}.Debug|Any CPU.Build.0 = Debug|Any CPU
		{343B4990-AEF8-4AA8-840B-41537D5212BB}.Release|Any CPU.ActiveCfg = Release|Any CPU
		{343B4990-AEF8-4AA8-840B-41537D5212BB}.Release|Any CPU.Build.0 = Release|Any CPU
	EndGlobalSection
	GlobalSection(SolutionProperties) = preSolution
		HideSolutionNode = FALSE
	EndGlobalSection
	GlobalSection(ExtensibilityGlobals) = postSolution
		SolutionGuid = {5D9A0474-D3EC-4D0D-9F99-973962A56182}
	EndGlobalSection
EndGlobal
